
Microsoft Visual Studio Solution File, Format Version 12.00
Project("{FAE04EC0-301F-11D3-BF4B-00C04F79EFBC}") = "Legatura Server-Client", "Legatura Server-Client\Legatura Server-Client.csproj", "{B348595C-B4E4-4E0D-8B6F-E2AE6E5D9D38}"
EndProject
Project("{FAE04EC0-301F-11D3-BF4B-00C04F79EFBC}") = "AgentieModel", "AgentieModel\AgentieModel.csproj", "{1399035F-33AD-42DA-B362-E6243B664EE9}"
EndProject
Global
	GlobalSection(SolutionConfigurationPlatforms) = preSolution
		Debug|Any CPU = Debug|Any CPU
		Release|Any CPU = Release|Any CPU
	EndGlobalSection
	GlobalSection(ProjectConfigurationPlatforms) = postSolution
		{B348595C-B4E4-4E0D-8B6F-E2AE6E5D9D38}.Debug|Any CPU.ActiveCfg = Debug|Any CPU
		{B348595C-B4E4-4E0D-8B6F-E2AE6E5D9D38}.Debug|Any CPU.Build.0 = Debug|Any CPU
		{B348595C-B4E4-4E0D-8B6F-E2AE6E5D9D38}.Release|Any CPU.ActiveCfg = Release|Any CPU
		{B348595C-B4E4-4E0D-8B6F-E2AE6E5D9D38}.Release|Any CPU.Build.0 = Release|Any CPU
		{1399035F-33AD-42DA-B362-E6243B664EE9}.Debug|Any CPU.ActiveCfg = Debug|Any CPU
		{1399035F-33AD-42DA-B362-E6243B664EE9}.Debug|Any CPU.Build.0 = Debug|Any CPU
		{1399035F-33AD-42DA-B362-E6243B664EE9}.Release|Any CPU.ActiveCfg = Release|Any CPU
		{1399035F-33AD-42DA-B362-E6243B664EE9}.Release|Any CPU.Build.0 = Release|Any CPU
	EndGlobalSection
EndGlobal
